PODS:
  - Flutter (1.0.0)
  - flutter_hms_scan_kit (0.0.1):
    - Flutter
    - ScanKitFrameWork
  - ScanKitFrameWork (1.0.2.300)

DEPENDENCIES:
  - Flutter (from `Flutter`)
  - flutter_hms_scan_kit (from `.symlinks/plugins/flutter_hms_scan_kit/ios`)

SPEC REPOS:
  trunk:
    - ScanKitFrameWork

EXTERNAL SOURCES:
  Flutter:
    :path: Flutter
  flutter_hms_scan_kit:
    :path: ".symlinks/plugins/flutter_hms_scan_kit/ios"

SPEC CHECKSUMS:
  Flutter: 50d75fe2f02b26cc09d224853bb45737f8b3214a
  flutter_hms_scan_kit: f3d7adead23f18e2fff9c44ca5d37db5b50ec77c
  ScanKitFrameWork: 0ad578f3db0ef9b64dd0f533d10d10a52ce93c80

PODFILE CHECKSUM: a75497545d4391e2d394c3668e20cfb1c2bbd4aa

COCOAPODS: 1.10.1
