PODS:
  - Flutter (1.0.0)
  - flutter_hms_scan_kit (1.0.4):
    - Flutter
    - ScanKitFrameWork (~> 1.1.0.306)
  - ScanKitFrameWork (1.1.0.306)

DEPENDENCIES:
  - Flutter (from `Flutter`)
  - flutter_hms_scan_kit (from `.symlinks/plugins/flutter_hms_scan_kit/ios`)

SPEC REPOS:
  trunk:
    - ScanKitFrameWork

EXTERNAL SOURCES:
  Flutter:
    :path: Flutter
  flutter_hms_scan_kit:
    :path: ".symlinks/plugins/flutter_hms_scan_kit/ios"

SPEC CHECKSUMS:
  Flutter: 50d75fe2f02b26cc09d224853bb45737f8b3214a
  flutter_hms_scan_kit: 7d1c884b64fb60f70cf38295f2fba41c2d9fee5b
  ScanKitFrameWork: 0f41951fffe11820b6e530b947bc1a26725daac6

PODFILE CHECKSUM: 7368163408c647b7eb699d0d788ba6718e18fb8d

COCOAPODS: 1.10.1
